
Microsoft Visual Studio Solution File, Format Version 12.00
# Visual Studio Version 17
VisualStudioVersion = 17.14.36121.58 d17.14
MinimumVisualStudioVersion = 10.0.40219.1
Project("{FAE04EC0-301F-11D3-BF4B-00C04F79EFBC}") = "AcademiaAPI", "AcademiaAPI.csproj", "{D7C833C5-B49F-4AA0-8858-95693B757B60}"
EndProject
Project("{FAE04EC0-301F-11D3-BF4B-00C04F79EFBC}") = "Data", "..\Data\Data.csproj", "{F75395C3-18DF-4AF7-B5B4-5494D1D75901}"
EndProject
Project("{FAE04EC0-301F-11D3-BF4B-00C04F79EFBC}") = "Domain.Model", "..\Domain.Model\Domain.Model.csproj", "{8D1BDC30-7508-473F-9305-F9D59DB9C61F}"
EndProject
Project("{FAE04EC0-301F-11D3-BF4B-00C04F79EFBC}") = "Aplication.Services", "..\Aplication.Services\Aplication.Services.csproj", "{0C30403A-D795-44E5-8005-EA16334F0664}"
EndProject
Project("{FAE04EC0-301F-11D3-BF4B-00C04F79EFBC}") = "DTOs", "..\DTOs\DTOs.csproj", "{CD284ACC-3DDF-460C-89B2-18A7F9715168}"
EndProject
Project("{FAE04EC0-301F-11D3-BF4B-00C04F79EFBC}") = "WIndowsForm", "..\WIndowsForm\WIndowsForm.csproj", "{665A3C3D-42C8-4869-9FAB-D3652F24CD7A}"
EndProject
Project("{FAE04EC0-301F-11D3-BF4B-00C04F79EFBC}") = "API.Clients", "..\API.Clients\API.Clients.csproj", "{8215C4DF-AF7A-40BC-8B51-C9BA9FC9D492}"
EndProject
Project("{2150E333-8FDC-42A3-9474-1A3956D46DE8}") = "Solution Items", "Solution Items", "{02EA681E-C7D8-13C7-8484-4AC65E1B71E8}"
	ProjectSection(SolutionItems) = preProject
		.editorconfig = .editorconfig
	EndProjectSection
EndProject
Global
	GlobalSection(SolutionConfigurationPlatforms) = preSolution
		Debug|Any CPU = Debug|Any CPU
		Release|Any CPU = Release|Any CPU
	EndGlobalSection
	GlobalSection(ProjectConfigurationPlatforms) = postSolution
		{D7C833C5-B49F-4AA0-8858-95693B757B60}.Debug|Any CPU.ActiveCfg = Debug|Any CPU
		{D7C833C5-B49F-4AA0-8858-95693B757B60}.Debug|Any CPU.Build.0 = Debug|Any CPU
		{D7C833C5-B49F-4AA0-8858-95693B757B60}.Release|Any CPU.ActiveCfg = Release|Any CPU
		{D7C833C5-B49F-4AA0-8858-95693B757B60}.Release|Any CPU.Build.0 = Release|Any CPU
		{F75395C3-18DF-4AF7-B5B4-5494D1D75901}.Debug|Any CPU.ActiveCfg = Debug|Any CPU
		{F75395C3-18DF-4AF7-B5B4-5494D1D75901}.Debug|Any CPU.Build.0 = Debug|Any CPU
		{F75395C3-18DF-4AF7-B5B4-5494D1D75901}.Release|Any CPU.ActiveCfg = Release|Any CPU
		{F75395C3-18DF-4AF7-B5B4-5494D1D75901}.Release|Any CPU.Build.0 = Release|Any CPU
		{8D1BDC30-7508-473F-9305-F9D59DB9C61F}.Debug|Any CPU.ActiveCfg = Debug|Any CPU
		{8D1BDC30-7508-473F-9305-F9D59DB9C61F}.Debug|Any CPU.Build.0 = Debug|Any CPU
		{8D1BDC30-7508-473F-9305-F9D59DB9C61F}.Release|Any CPU.ActiveCfg = Release|Any CPU
		{8D1BDC30-7508-473F-9305-F9D59DB9C61F}.Release|Any CPU.Build.0 = Release|Any CPU
		{0C30403A-D795-44E5-8005-EA16334F0664}.Debug|Any CPU.ActiveCfg = Debug|Any CPU
		{0C30403A-D795-44E5-8005-EA16334F0664}.Debug|Any CPU.Build.0 = Debug|Any CPU
		{0C30403A-D795-44E5-8005-EA16334F0664}.Release|Any CPU.ActiveCfg = Release|Any CPU
		{0C30403A-D795-44E5-8005-EA16334F0664}.Release|Any CPU.Build.0 = Release|Any CPU
		{CD284ACC-3DDF-460C-89B2-18A7F9715168}.Debug|Any CPU.ActiveCfg = Debug|Any CPU
		{CD284ACC-3DDF-460C-89B2-18A7F9715168}.Debug|Any CPU.Build.0 = Debug|Any CPU
		{CD284ACC-3DDF-460C-89B2-18A7F9715168}.Release|Any CPU.ActiveCfg = Release|Any CPU
		{CD284ACC-3DDF-460C-89B2-18A7F9715168}.Release|Any CPU.Build.0 = Release|Any CPU
		{665A3C3D-42C8-4869-9FAB-D3652F24CD7A}.Debug|Any CPU.ActiveCfg = Debug|Any CPU
		{665A3C3D-42C8-4869-9FAB-D3652F24CD7A}.Debug|Any CPU.Build.0 = Debug|Any CPU
		{665A3C3D-42C8-4869-9FAB-D3652F24CD7A}.Release|Any CPU.ActiveCfg = Release|Any CPU
		{665A3C3D-42C8-4869-9FAB-D3652F24CD7A}.Release|Any CPU.Build.0 = Release|Any CPU
		{8215C4DF-AF7A-40BC-8B51-C9BA9FC9D492}.Debug|Any CPU.ActiveCfg = Debug|Any CPU
		{8215C4DF-AF7A-40BC-8B51-C9BA9FC9D492}.Debug|Any CPU.Build.0 = Debug|Any CPU
		{8215C4DF-AF7A-40BC-8B51-C9BA9FC9D492}.Release|Any CPU.ActiveCfg = Release|Any CPU
		{8215C4DF-AF7A-40BC-8B51-C9BA9FC9D492}.Release|Any CPU.Build.0 = Release|Any CPU
	EndGlobalSection
	GlobalSection(SolutionProperties) = preSolution
		HideSolutionNode = FALSE
	EndGlobalSection
	GlobalSection(ExtensibilityGlobals) = postSolution
		SolutionGuid = {C42341AB-AE0A-462A-B226-68BE04037131}
	EndGlobalSection
EndGlobal
